
Microsoft Visual Studio Solution File, Format Version 12.00
# Visual Studio Version 17
VisualStudioVersion = 17.0.32112.339
MinimumVisualStudioVersion = 10.0.40219.1
Project("{FAE04EC0-301F-11D3-BF4B-00C04F79EFBC}") = "SudokuOOP", "SudokuOOP.csproj", "{B394A128-496C-4D37-A613-841568A4D477}"
EndProject
Global
	GlobalSection(SolutionConfigurationPlatforms) = preSolution
		Debug|Any CPU = Debug|Any CPU
		Release|Any CPU = Release|Any CPU
	EndGlobalSection
	GlobalSection(ProjectConfigurationPlatforms) = postSolution
		{B394A128-496C-4D37-A613-841568A4D477}.Debug|Any CPU.ActiveCfg = Debug|Any CPU
		{B394A128-496C-4D37-A613-841568A4D477}.Debug|Any CPU.Build.0 = Debug|Any CPU
		{B394A128-496C-4D37-A613-841568A4D477}.Release|Any CPU.ActiveCfg = Release|Any CPU
		{B394A128-496C-4D37-A613-841568A4D477}.Release|Any CPU.Build.0 = Release|Any CPU
	EndGlobalSection
	GlobalSection(SolutionProperties) = preSolution
		HideSolutionNode = FALSE
	EndGlobalSection
	GlobalSection(ExtensibilityGlobals) = postSolution
		SolutionGuid = {6EFA89AE-EF69-4026-B701-8BB34A3C45BA}
	EndGlobalSection
EndGlobal
